Microsoft Visual Studio Solution File, Format Version 12.00
# Visual Studio Version 17
VisualStudioVersion = 17.5.2.0
MinimumVisualStudioVersion = 10.0.40219.1
Project("{FAE04EC0-301F-11D3-BF4B-00C04F79EFBC}") = "Project-Alpha-Tijdelijke-naam", "Project-Alpha-Tijdelijke-naam.csproj", "{FEB2E44D-88F8-EC23-6C16-CE39A86844B0}"
EndProject
Global
	GlobalSection(SolutionConfigurationPlatforms) = preSolution
		Debug|Any CPU = Debug|Any CPU
		Release|Any CPU = Release|Any CPU
	EndGlobalSection
	GlobalSection(ProjectConfigurationPlatforms) = postSolution
		{FEB2E44D-88F8-EC23-6C16-CE39A86844B0}.Debug|Any CPU.ActiveCfg = Debug|Any CPU
		{FEB2E44D-88F8-EC23-6C16-CE39A86844B0}.Debug|Any CPU.Build.0 = Debug|Any CPU
		{FEB2E44D-88F8-EC23-6C16-CE39A86844B0}.Release|Any CPU.ActiveCfg = Release|Any CPU
		{FEB2E44D-88F8-EC23-6C16-CE39A86844B0}.Release|Any CPU.Build.0 = Release|Any CPU
	EndGlobalSection
	GlobalSection(SolutionProperties) = preSolution
		HideSolutionNode = FALSE
	EndGlobalSection
	GlobalSection(ExtensibilityGlobals) = postSolution
		SolutionGuid = {743B47FC-4B79-4EB2-BB28-9A2EDC5DDA11}
	EndGlobalSection
EndGlobal
